
Microsoft Visual Studio Solution File, Format Version 12.00
# Visual Studio 14
VisualStudioVersion = 14.0.25420.1
MinimumVisualStudioVersion = 10.0.40219.1
Project("{FAE04EC0-301F-11D3-BF4B-00C04F79EFBC}") = "ArIdentify", "VTTArIdentify\ArIdentify.csproj", "{E58F119E-DAD3-41FA-86BC-9CC9C4D4319A}"
EndProject
Project("{FAE04EC0-301F-11D3-BF4B-00C04F79EFBC}") = "ZXingCode", "ZXingCode\ZXingCode.csproj", "{1505F761-428C-480F-AEA8-92593DBD7373}"
EndProject
Project("{FAE04EC0-301F-11D3-BF4B-00C04F79EFBC}") = "QrCode", "QrCode\QrCode.csproj", "{E2CD6836-F943-44F3-858B-8DF3D8B045B1}"
EndProject
Project("{2150E333-8FDC-42A3-9474-1A3956D46DE8}") = "QrCodeRecognition", "QrCodeRecognition", "{83019EF3-0711-4137-8545-09FC4A557D46}"
EndProject
Project("{2150E333-8FDC-42A3-9474-1A3956D46DE8}") = "ARIdentify", "ARIdentify", "{5640CB7B-597D-410C-BC03-0BE01B9ED430}"
EndProject
Project("{2150E333-8FDC-42A3-9474-1A3956D46DE8}") = "CameraTrack", "CameraTrack", "{8AD535E3-D004-4C97-ABAD-3EAD05CD63F6}"
EndProject
Project("{FAE04EC0-301F-11D3-BF4B-00C04F79EFBC}") = "VisionDetector", "VisionDetctor\VisionDetector.csproj", "{351A93FC-AFD2-40DF-B97C-AA999DB04021}"
EndProject
Project("{2150E333-8FDC-42A3-9474-1A3956D46DE8}") = "AForge", "AForge", "{445A4020-C57D-46FC-BD0D-CFA9799D82A5}"
EndProject
Project("{FAE04EC0-301F-11D3-BF4B-00C04F79EFBC}") = "Controls", "AForge\Controls\Controls.csproj", "{4CCA6844-9102-4A3B-8148-EA3D359B2586}"
EndProject
Project("{FAE04EC0-301F-11D3-BF4B-00C04F79EFBC}") = "Imaging", "AForge\Imaging\Imaging.csproj", "{C6A8B9AE-0749-41C7-8FF9-02C156696F45}"
EndProject
Project("{FAE04EC0-301F-11D3-BF4B-00C04F79EFBC}") = "Video", "AForge\Video\Video.csproj", "{809725DC-6502-4732-A51C-DEB7FEA12975}"
EndProject
Project("{FAE04EC0-301F-11D3-BF4B-00C04F79EFBC}") = "Video.DirectShow", "AForge\Video.DirectShow\Video.DirectShow.csproj", "{26CD2CE7-FF63-4669-83B0-7D9C8F3408EE}"
EndProject
Project("{FAE04EC0-301F-11D3-BF4B-00C04F79EFBC}") = "Video.VFW", "AForge\Video.VFW\Video.VFW.csproj", "{22E852C0-17FF-4106-9DF6-41EABB8C0613}"
EndProject
Project("{FAE04EC0-301F-11D3-BF4B-00C04F79EFBC}") = "Vision", "AForge\Vision\Vision.csproj", "{B99CBE2E-BAAD-45D5-8A84-CAA6A2286C0B}"
EndProject
Project("{FAE04EC0-301F-11D3-BF4B-00C04F79EFBC}") = "Core", "AForge\Core\Core.csproj", "{631AC093-430F-45F4-BA0C-AF0F0405918A}"
EndProject
Project("{FAE04EC0-301F-11D3-BF4B-00C04F79EFBC}") = "Math", "AForge\Math\Math.csproj", "{C0FAF524-72E4-46F7-8C1B-A6B74DEC5EBE}"
EndProject
Project("{FAE04EC0-301F-11D3-BF4B-00C04F79EFBC}") = "MotionDetector", "MotionDetector\MotionDetector.csproj", "{EF2ECC8D-1FBC-4AC0-AC75-E714C3DCBFA2}"
EndProject
Project("{FAE04EC0-301F-11D3-BF4B-00C04F79EFBC}") = "MagicCamera", "MagicCamera\MagicCamera.csproj", "{30F434CC-F453-4104-A438-0851A0CB51AA}"
EndProject
Project("{FAE04EC0-301F-11D3-BF4B-00C04F79EFBC}") = "EmguSamples", "EmguSamples\EmguSamples.csproj", "{8672CDC0-8087-4D35-A75F-1A9295D956B1}"
EndProject
Project("{FAE04EC0-301F-11D3-BF4B-00C04F79EFBC}") = "EmguMagicCamera", "EmguMagicCamera\EmguMagicCamera.csproj", "{58E1E5FF-BB9C-49A4-BF0A-AF0D8019591E}"
EndProject
Project("{FAE04EC0-301F-11D3-BF4B-00C04F79EFBC}") = "EmguSharpIdentify", "EmguSharpIdentify\EmguSharpIdentify.csproj", "{A3FF1363-8E17-4DC5-8FB0-63A4936F4761}"
EndProject
Global
	GlobalSection(SolutionConfigurationPlatforms) = preSolution
		Debug|Any CPU = Debug|Any CPU
		Release|Any CPU = Release|Any CPU
	EndGlobalSection
	GlobalSection(ProjectConfigurationPlatforms) = postSolution
		{E58F119E-DAD3-41FA-86BC-9CC9C4D4319A}.Debug|Any CPU.ActiveCfg = Debug|Any CPU
		{E58F119E-DAD3-41FA-86BC-9CC9C4D4319A}.Debug|Any CPU.Build.0 = Debug|Any CPU
		{E58F119E-DAD3-41FA-86BC-9CC9C4D4319A}.Release|Any CPU.ActiveCfg = Release|Any CPU
		{E58F119E-DAD3-41FA-86BC-9CC9C4D4319A}.Release|Any CPU.Build.0 = Release|Any CPU
		{1505F761-428C-480F-AEA8-92593DBD7373}.Debug|Any CPU.ActiveCfg = Debug|Any CPU
		{1505F761-428C-480F-AEA8-92593DBD7373}.Debug|Any CPU.Build.0 = Debug|Any CPU
		{1505F761-428C-480F-AEA8-92593DBD7373}.Release|Any CPU.ActiveCfg = Release|Any CPU
		{1505F761-428C-480F-AEA8-92593DBD7373}.Release|Any CPU.Build.0 = Release|Any CPU
		{E2CD6836-F943-44F3-858B-8DF3D8B045B1}.Debug|Any CPU.ActiveCfg = Debug|Any CPU
		{E2CD6836-F943-44F3-858B-8DF3D8B045B1}.Debug|Any CPU.Build.0 = Debug|Any CPU
		{E2CD6836-F943-44F3-858B-8DF3D8B045B1}.Release|Any CPU.ActiveCfg = Release|Any CPU
		{E2CD6836-F943-44F3-858B-8DF3D8B045B1}.Release|Any CPU.Build.0 = Release|Any CPU
		{351A93FC-AFD2-40DF-B97C-AA999DB04021}.Debug|Any CPU.ActiveCfg = Debug|Any CPU
		{351A93FC-AFD2-40DF-B97C-AA999DB04021}.Debug|Any CPU.Build.0 = Debug|Any CPU
		{351A93FC-AFD2-40DF-B97C-AA999DB04021}.Release|Any CPU.ActiveCfg = Release|Any CPU
		{351A93FC-AFD2-40DF-B97C-AA999DB04021}.Release|Any CPU.Build.0 = Release|Any CPU
		{4CCA6844-9102-4A3B-8148-EA3D359B2586}.Debug|Any CPU.ActiveCfg = Debug|Any CPU
		{4CCA6844-9102-4A3B-8148-EA3D359B2586}.Debug|Any CPU.Build.0 = Debug|Any CPU
		{4CCA6844-9102-4A3B-8148-EA3D359B2586}.Release|Any CPU.ActiveCfg = Release|Any CPU
		{4CCA6844-9102-4A3B-8148-EA3D359B2586}.Release|Any CPU.Build.0 = Release|Any CPU
		{C6A8B9AE-0749-41C7-8FF9-02C156696F45}.Debug|Any CPU.ActiveCfg = Debug|Any CPU
		{C6A8B9AE-0749-41C7-8FF9-02C156696F45}.Debug|Any CPU.Build.0 = Debug|Any CPU
		{C6A8B9AE-0749-41C7-8FF9-02C156696F45}.Release|Any CPU.ActiveCfg = Release|Any CPU
		{C6A8B9AE-0749-41C7-8FF9-02C156696F45}.Release|Any CPU.Build.0 = Release|Any CPU
		{809725DC-6502-4732-A51C-DEB7FEA12975}.Debug|Any CPU.ActiveCfg = Debug|Any CPU
		{809725DC-6502-4732-A51C-DEB7FEA12975}.Debug|Any CPU.Build.0 = Debug|Any CPU
		{809725DC-6502-4732-A51C-DEB7FEA12975}.Release|Any CPU.ActiveCfg = Release|Any CPU
		{809725DC-6502-4732-A51C-DEB7FEA12975}.Release|Any CPU.Build.0 = Release|Any CPU
		{26CD2CE7-FF63-4669-83B0-7D9C8F3408EE}.Debug|Any CPU.ActiveCfg = Debug|Any CPU
		{26CD2CE7-FF63-4669-83B0-7D9C8F3408EE}.Debug|Any CPU.Build.0 = Debug|Any CPU
		{26CD2CE7-FF63-4669-83B0-7D9C8F3408EE}.Release|Any CPU.ActiveCfg = Release|Any CPU
		{26CD2CE7-FF63-4669-83B0-7D9C8F3408EE}.Release|Any CPU.Build.0 = Release|Any CPU
		{22E852C0-17FF-4106-9DF6-41EABB8C0613}.Debug|Any CPU.ActiveCfg = Debug|Any CPU
		{22E852C0-17FF-4106-9DF6-41EABB8C0613}.Debug|Any CPU.Build.0 = Debug|Any CPU
		{22E852C0-17FF-4106-9DF6-41EABB8C0613}.Release|Any CPU.ActiveCfg = Release|Any CPU
		{22E852C0-17FF-4106-9DF6-41EABB8C0613}.Release|Any CPU.Build.0 = Release|Any CPU
		{B99CBE2E-BAAD-45D5-8A84-CAA6A2286C0B}.Debug|Any CPU.ActiveCfg = Debug|Any CPU
		{B99CBE2E-BAAD-45D5-8A84-CAA6A2286C0B}.Debug|Any CPU.Build.0 = Debug|Any CPU
		{B99CBE2E-BAAD-45D5-8A84-CAA6A2286C0B}.Release|Any CPU.ActiveCfg = Release|Any CPU
		{B99CBE2E-BAAD-45D5-8A84-CAA6A2286C0B}.Release|Any CPU.Build.0 = Release|Any CPU
		{631AC093-430F-45F4-BA0C-AF0F0405918A}.Debug|Any CPU.ActiveCfg = Debug|Any CPU
		{631AC093-430F-45F4-BA0C-AF0F0405918A}.Debug|Any CPU.Build.0 = Debug|Any CPU
		{631AC093-430F-45F4-BA0C-AF0F0405918A}.Release|Any CPU.ActiveCfg = Release|Any CPU
		{631AC093-430F-45F4-BA0C-AF0F0405918A}.Release|Any CPU.Build.0 = Release|Any CPU
		{C0FAF524-72E4-46F7-8C1B-A6B74DEC5EBE}.Debug|Any CPU.ActiveCfg = Debug|Any CPU
		{C0FAF524-72E4-46F7-8C1B-A6B74DEC5EBE}.Debug|Any CPU.Build.0 = Debug|Any CPU
		{C0FAF524-72E4-46F7-8C1B-A6B74DEC5EBE}.Release|Any CPU.ActiveCfg = Release|Any CPU
		{C0FAF524-72E4-46F7-8C1B-A6B74DEC5EBE}.Release|Any CPU.Build.0 = Release|Any CPU
		{EF2ECC8D-1FBC-4AC0-AC75-E714C3DCBFA2}.Debug|Any CPU.ActiveCfg = Debug|Any CPU
		{EF2ECC8D-1FBC-4AC0-AC75-E714C3DCBFA2}.Debug|Any CPU.Build.0 = Debug|Any CPU
		{EF2ECC8D-1FBC-4AC0-AC75-E714C3DCBFA2}.Release|Any CPU.ActiveCfg = Release|Any CPU
		{EF2ECC8D-1FBC-4AC0-AC75-E714C3DCBFA2}.Release|Any CPU.Build.0 = Release|Any CPU
		{30F434CC-F453-4104-A438-0851A0CB51AA}.Debug|Any CPU.ActiveCfg = Debug|Any CPU
		{30F434CC-F453-4104-A438-0851A0CB51AA}.Debug|Any CPU.Build.0 = Debug|Any CPU
		{30F434CC-F453-4104-A438-0851A0CB51AA}.Release|Any CPU.ActiveCfg = Release|Any CPU
		{30F434CC-F453-4104-A438-0851A0CB51AA}.Release|Any CPU.Build.0 = Release|Any CPU
		{8672CDC0-8087-4D35-A75F-1A9295D956B1}.Debug|Any CPU.ActiveCfg = Debug|Any CPU
		{8672CDC0-8087-4D35-A75F-1A9295D956B1}.Debug|Any CPU.Build.0 = Debug|Any CPU
		{8672CDC0-8087-4D35-A75F-1A9295D956B1}.Release|Any CPU.ActiveCfg = Release|Any CPU
		{8672CDC0-8087-4D35-A75F-1A9295D956B1}.Release|Any CPU.Build.0 = Release|Any CPU
		{58E1E5FF-BB9C-49A4-BF0A-AF0D8019591E}.Debug|Any CPU.ActiveCfg = Debug|Any CPU
		{58E1E5FF-BB9C-49A4-BF0A-AF0D8019591E}.Debug|Any CPU.Build.0 = Debug|Any CPU
		{58E1E5FF-BB9C-49A4-BF0A-AF0D8019591E}.Release|Any CPU.ActiveCfg = Release|Any CPU
		{58E1E5FF-BB9C-49A4-BF0A-AF0D8019591E}.Release|Any CPU.Build.0 = Release|Any CPU
		{A3FF1363-8E17-4DC5-8FB0-63A4936F4761}.Debug|Any CPU.ActiveCfg = Debug|Any CPU
		{A3FF1363-8E17-4DC5-8FB0-63A4936F4761}.Debug|Any CPU.Build.0 = Debug|Any CPU
		{A3FF1363-8E17-4DC5-8FB0-63A4936F4761}.Release|Any CPU.ActiveCfg = Release|Any CPU
		{A3FF1363-8E17-4DC5-8FB0-63A4936F4761}.Release|Any CPU.Build.0 = Release|Any CPU
	EndGlobalSection
	GlobalSection(SolutionProperties) = preSolution
		HideSolutionNode = FALSE
	EndGlobalSection
	GlobalSection(NestedProjects) = preSolution
		{E58F119E-DAD3-41FA-86BC-9CC9C4D4319A} = {5640CB7B-597D-410C-BC03-0BE01B9ED430}
		{1505F761-428C-480F-AEA8-92593DBD7373} = {83019EF3-0711-4137-8545-09FC4A557D46}
		{E2CD6836-F943-44F3-858B-8DF3D8B045B1} = {83019EF3-0711-4137-8545-09FC4A557D46}
		{351A93FC-AFD2-40DF-B97C-AA999DB04021} = {8AD535E3-D004-4C97-ABAD-3EAD05CD63F6}
		{4CCA6844-9102-4A3B-8148-EA3D359B2586} = {445A4020-C57D-46FC-BD0D-CFA9799D82A5}
		{C6A8B9AE-0749-41C7-8FF9-02C156696F45} = {445A4020-C57D-46FC-BD0D-CFA9799D82A5}
		{809725DC-6502-4732-A51C-DEB7FEA12975} = {445A4020-C57D-46FC-BD0D-CFA9799D82A5}
		{26CD2CE7-FF63-4669-83B0-7D9C8F3408EE} = {445A4020-C57D-46FC-BD0D-CFA9799D82A5}
		{22E852C0-17FF-4106-9DF6-41EABB8C0613} = {445A4020-C57D-46FC-BD0D-CFA9799D82A5}
		{B99CBE2E-BAAD-45D5-8A84-CAA6A2286C0B} = {445A4020-C57D-46FC-BD0D-CFA9799D82A5}
		{631AC093-430F-45F4-BA0C-AF0F0405918A} = {445A4020-C57D-46FC-BD0D-CFA9799D82A5}
		{C0FAF524-72E4-46F7-8C1B-A6B74DEC5EBE} = {445A4020-C57D-46FC-BD0D-CFA9799D82A5}
		{EF2ECC8D-1FBC-4AC0-AC75-E714C3DCBFA2} = {8AD535E3-D004-4C97-ABAD-3EAD05CD63F6}
		{30F434CC-F453-4104-A438-0851A0CB51AA} = {5640CB7B-597D-410C-BC03-0BE01B9ED430}
		{8672CDC0-8087-4D35-A75F-1A9295D956B1} = {5640CB7B-597D-410C-BC03-0BE01B9ED430}
		{58E1E5FF-BB9C-49A4-BF0A-AF0D8019591E} = {5640CB7B-597D-410C-BC03-0BE01B9ED430}
		{A3FF1363-8E17-4DC5-8FB0-63A4936F4761} = {5640CB7B-597D-410C-BC03-0BE01B9ED430}
	EndGlobalSection
EndGlobal
